
Microsoft Visual Studio Solution File, Format Version 12.00
# Visual Studio Version 17
VisualStudioVersion = 17.7.34202.233
MinimumVisualStudioVersion = 10.0.40219.1
Project("{FAE04EC0-301F-11D3-BF4B-00C04F79EFBC}") = "question1", "question1\question1.csproj", "{383CC949-86F2-4F99-A1BD-5BB850636C6D}"
EndProject
Global
	GlobalSection(SolutionConfigurationPlatforms) = preSolution
		Debug|Any CPU = Debug|Any CPU
		Release|Any CPU = Release|Any CPU
	EndGlobalSection
	GlobalSection(ProjectConfigurationPlatforms) = postSolution
		{383CC949-86F2-4F99-A1BD-5BB850636C6D}.Debug|Any CPU.ActiveCfg = Debug|Any CPU
		{383CC949-86F2-4F99-A1BD-5BB850636C6D}.Debug|Any CPU.Build.0 = Debug|Any CPU
		{383CC949-86F2-4F99-A1BD-5BB850636C6D}.Release|Any CPU.ActiveCfg = Release|Any CPU
		{383CC949-86F2-4F99-A1BD-5BB850636C6D}.Release|Any CPU.Build.0 = Release|Any CPU
	EndGlobalSection
	GlobalSection(SolutionProperties) = preSolution
		HideSolutionNode = FALSE
	EndGlobalSection
	GlobalSection(ExtensibilityGlobals) = postSolution
		SolutionGuid = {B8BBF5CA-D8F4-450A-93C4-6FA4993C07B6}
	EndGlobalSection
EndGlobal
